// !$*UTF8*$!
{
	archiveVersion = 1;
	classes = {
	};
	objectVersion = 55;
	objects = {

/* Begin PBXBuildFile section */
		5781F8AF272891A900B148BC /* AppDelegate.swift in Sources */ = {isa = PBXBuildFile; fileRef = 5781F8AE272891A900B148BC /* AppDelegate.swift */; };
		5781F8B3272891A900B148BC /* ViewController.swift in Sources */ = {isa = PBXBuildFile; fileRef = 5781F8B2272891A900B148BC /* ViewController.swift */; };
		5781F8B8272891AD00B148BC /* Assets.xcassets in Resources */ = {isa = PBXBuildFile; fileRef = 5781F8B7272891AD00B148BC /* Assets.xcassets */; };
		5781F8BB272891AD00B148BC /* LaunchScreen.storyboard in Resources */ = {isa = PBXBuildFile; fileRef = 5781F8B9272891AD00B148BC /* LaunchScreen.storyboard */; };
		5781F8C4272891E200B148BC /* CelulaTableViewCell.swift in Sources */ = {isa = PBXBuildFile; fileRef = 5781F8C2272891E200B148BC /* CelulaTableViewCell.swift */; };
		5781F8C5272891E200B148BC /* CelulaTableViewCell.xib in Resources */ = {isa = PBXBuildFile; fileRef = 5781F8C3272891E200B148BC /* CelulaTableViewCell.xib */; };
		5781F8CC2728942000B148BC /* Personagem.swift in Sources */ = {isa = PBXBuildFile; fileRef = 5781F8CB2728942000B148BC /* Personagem.swift */; };
		5781F8CE2728953800B148BC /* EnumPoints.swift in Sources */ = {isa = PBXBuildFile; fileRef = 5781F8CD2728953800B148BC /* EnumPoints.swift */; };
		5781F8D02728957300B148BC /* API.swift in Sources */ = {isa = PBXBuildFile; fileRef = 5781F8CF2728957300B148BC /* API.swift */; };
		5781F8D22728965C00B148BC /* HTTPMethod.swift in Sources */ = {isa = PBXBuildFile; fileRef = 5781F8D12728965C00B148BC /* HTTPMethod.swift */; };
		5781F8D4272896E900B148BC /* Resulta.swift in Sources */ = {isa = PBXBuildFile; fileRef = 5781F8D3272896E900B148BC /* Resulta.swift */; };
		57DBD44C272B263D001EFFFD /* ImageViewCell.swift in Sources */ = {isa = PBXBuildFile; fileRef = 57DBD44B272B263D001EFFFD /* ImageViewCell.swift */; };
		57DBD44F272B26AC001EFFFD /* SnapKit in Frameworks */ = {isa = PBXBuildFile; productRef = 57DBD44E272B26AC001EFFFD /* SnapKit */; };
		57DBD454272B2A59001EFFFD /* Favoritos.storyboard in Resources */ = {isa = PBXBuildFile; fileRef = 57DBD453272B2A59001EFFFD /* Favoritos.storyboard */; };
		57DBD456272B2AEF001EFFFD /* FavoritosVC.swift in Sources */ = {isa = PBXBuildFile; fileRef = 57DBD455272B2AEF001EFFFD /* FavoritosVC.swift */; };
		57DBD45A272C24B7001EFFFD /* UIViewController.swift in Sources */ = {isa = PBXBuildFile; fileRef = 57DBD459272C24B7001EFFFD /* UIViewController.swift */; };
		57DBD45D272C2CBB001EFFFD /* ViewControllerPreview.swift in Sources */ = {isa = PBXBuildFile; fileRef = 57DBD45C272C2CBB001EFFFD /* ViewControllerPreview.swift */; };
		57F7B8D02728A091007C008E /* DetailVC.swift in Sources */ = {isa = PBXBuildFile; fileRef = 57F7B8CF2728A091007C008E /* DetailVC.swift */; };
		57F7B8D32728E8EF007C008E /* Kingfisher in Frameworks */ = {isa = PBXBuildFile; productRef = 57F7B8D22728E8EF007C008E /* Kingfisher */; };
		57F7B908272AC8F2007C008E /* RickAndMorty.xcdatamodeld in Sources */ = {isa = PBXBuildFile; fileRef = 57F7B906272AC8F2007C008E /* RickAndMorty.xcdatamodeld */; };
		57F7B90A272AD0E7007C008E /* DataBaseController.swift in Sources */ = {isa = PBXBuildFile; fileRef = 57F7B909272AD0E7007C008E /* DataBaseController.swift */; };
		57F7B90D272AD2E1007C008E /* ErrorAPI.swift in Sources */ = {isa = PBXBuildFile; fileRef = 57F7B90C272AD2E1007C008E /* ErrorAPI.swift */; };
/* End PBXBuildFile section */

/* Begin PBXFileReference section */
		5781F8AB272891A900B148BC /* ProjetoFinalRickAndMorty.app */ = {isa = PBXFileReference; explicitFileType = wrapper.application; includeInIndex = 0; path = ProjetoFinalRickAndMorty.app; sourceTree = BUILT_PRODUCTS_DIR; };
		5781F8AE272891A900B148BC /* AppDelegate.swift */ = {isa = PBXFileReference; lastKnownFileType = sourcecode.swift; path = AppDelegate.swift; sourceTree = "<group>"; };
		5781F8B2272891A900B148BC /* ViewController.swift */ = {isa = PBXFileReference; lastKnownFileType = sourcecode.swift; path = ViewController.swift; sourceTree = "<group>"; };
		5781F8B7272891AD00B148BC /* Assets.xcassets */ = {isa = PBXFileReference; lastKnownFileType = folder.assetcatalog; path = Assets.xcassets; sourceTree = "<group>"; };
		5781F8BA272891AD00B148BC /* Base */ = {isa = PBXFileReference; lastKnownFileType = file.storyboard; name = Base; path = Base.lproj/LaunchScreen.storyboard; sourceTree = "<group>"; };
		5781F8BC272891AD00B148BC /* Info.plist */ = {isa = PBXFileReference; lastKnownFileType = text.plist.xml; path = Info.plist; sourceTree = "<group>"; };
		5781F8C2272891E200B148BC /* CelulaTableViewCell.swift */ = {isa = PBXFileReference; lastKnownFileType = sourcecode.swift; path = CelulaTableViewCell.swift; sourceTree = "<group>"; };
		5781F8C3272891E200B148BC /* CelulaTableViewCell.xib */ = {isa = PBXFileReference; lastKnownFileType = file.xib; path = CelulaTableViewCell.xib; sourceTree = "<group>"; };
		5781F8CB2728942000B148BC /* Personagem.swift */ = {isa = PBXFileReference; lastKnownFileType = sourcecode.swift; path = Personagem.swift; sourceTree = "<group>"; };
		5781F8CD2728953800B148BC /* EnumPoints.swift */ = {isa = PBXFileReference; lastKnownFileType = sourcecode.swift; path = EnumPoints.swift; sourceTree = "<group>"; };
		5781F8CF2728957300B148BC /* API.swift */ = {isa = PBXFileReference; lastKnownFileType = sourcecode.swift; path = API.swift; sourceTree = "<group>"; };
		5781F8D12728965C00B148BC /* HTTPMethod.swift */ = {isa = PBXFileReference; lastKnownFileType = sourcecode.swift; path = HTTPMethod.swift; sourceTree = "<group>"; };
		5781F8D3272896E900B148BC /* Resulta.swift */ = {isa = PBXFileReference; lastKnownFileType = sourcecode.swift; path = Resulta.swift; sourceTree = "<group>"; };
		57DBD44B272B263D001EFFFD /* ImageViewCell.swift */ = {isa = PBXFileReference; lastKnownFileType = sourcecode.swift; path = ImageViewCell.swift; sourceTree = "<group>"; };
		57DBD453272B2A59001EFFFD /* Favoritos.storyboard */ = {isa = PBXFileReference; lastKnownFileType = file.storyboard; path = Favoritos.storyboard; sourceTree = "<group>"; };
		57DBD455272B2AEF001EFFFD /* FavoritosVC.swift */ = {isa = PBXFileReference; lastKnownFileType = sourcecode.swift; path = FavoritosVC.swift; sourceTree = "<group>"; };
		57DBD459272C24B7001EFFFD /* UIViewController.swift */ = {isa = PBXFileReference; lastKnownFileType = sourcecode.swift; path = UIViewController.swift; sourceTree = "<group>"; };
		57DBD45C272C2CBB001EFFFD /* ViewControllerPreview.swift */ = {isa = PBXFileReference; lastKnownFileType = sourcecode.swift; path = ViewControllerPreview.swift; sourceTree = "<group>"; };
		57F7B8CF2728A091007C008E /* DetailVC.swift */ = {isa = PBXFileReference; lastKnownFileType = sourcecode.swift; path = DetailVC.swift; sourceTree = "<group>"; };
		57F7B907272AC8F2007C008E /* RickAndMorty.xcdatamodel */ = {isa = PBXFileReference; lastKnownFileType = wrapper.xcdatamodel; path = RickAndMorty.xcdatamodel; sourceTree = "<group>"; };
		57F7B909272AD0E7007C008E /* DataBaseController.swift */ = {isa = PBXFileReference; lastKnownFileType = sourcecode.swift; path = DataBaseController.swift; sourceTree = "<group>"; };
		57F7B90C272AD2E1007C008E /* ErrorAPI.swift */ = {isa = PBXFileReference; lastKnownFileType = sourcecode.swift; path = ErrorAPI.swift; sourceTree = "<group>"; };
/* End PBXFileReference section */

/* Begin PBXFrameworksBuildPhase section */
		5781F8A8272891A900B148BC /* Frameworks */ = {
			isa = PBXFrameworksBuildPhase;
			buildActionMask = 2147483647;
			files = (
				57F7B8D32728E8EF007C008E /* Kingfisher in Frameworks */,
				57DBD44F272B26AC001EFFFD /* SnapKit in Frameworks */,
			);
			runOnlyForDeploymentPostprocessing = 0;
		};
/* End PBXFrameworksBuildPhase section */

/* Begin PBXGroup section */
		5781F8A2272891A900B148BC = {
			isa = PBXGroup;
			children = (
				5781F8AD272891A900B148BC /* ProjetoFinalRickAndMorty */,
				5781F8AC272891A900B148BC /* Products */,
			);
			sourceTree = "<group>";
		};
		5781F8AC272891A900B148BC /* Products */ = {
			isa = PBXGroup;
			children = (
				5781F8AB272891A900B148BC /* ProjetoFinalRickAndMorty.app */,
			);
			name = Products;
			sourceTree = "<group>";
		};
		5781F8AD272891A900B148BC /* ProjetoFinalRickAndMorty */ = {
			isa = PBXGroup;
			children = (
				5781F8AE272891A900B148BC /* AppDelegate.swift */,
				5781F8B7272891AD00B148BC /* Assets.xcassets */,
				5781F8BC272891AD00B148BC /* Info.plist */,
				57F7B906272AC8F2007C008E /* RickAndMorty.xcdatamodeld */,
				5781F8C8272892EF00B148BC /* Model */,
				5781F8C9272892F900B148BC /* View */,
				5781F8CA2728930500B148BC /* Controller */,
			);
			path = ProjetoFinalRickAndMorty;
			sourceTree = "<group>";
		};
		5781F8C6272892BC00B148BC /* Cell */ = {
			isa = PBXGroup;
			children = (
				5781F8C2272891E200B148BC /* CelulaTableViewCell.swift */,
				57DBD44B272B263D001EFFFD /* ImageViewCell.swift */,
			);
			path = Cell;
			sourceTree = "<group>";
		};
		5781F8C8272892EF00B148BC /* Model */ = {
			isa = PBXGroup;
			children = (
				57F7B90B272AD254007C008E /* enum */,
				5781F8CB2728942000B148BC /* Personagem.swift */,
				5781F8D3272896E900B148BC /* Resulta.swift */,
				5781F8CF2728957300B148BC /* API.swift */,
			);
			path = Model;
			sourceTree = "<group>";
		};
		5781F8C9272892F900B148BC /* View */ = {
			isa = PBXGroup;
			children = (
				57DBD45B272C2CA1001EFFFD /* helper */,
				5781F8C6272892BC00B148BC /* Cell */,
				5781F8C3272891E200B148BC /* CelulaTableViewCell.xib */,
				5781F8B9272891AD00B148BC /* LaunchScreen.storyboard */,
				57DBD453272B2A59001EFFFD /* Favoritos.storyboard */,
			);
			path = View;
			sourceTree = "<group>";
		};
		5781F8CA2728930500B148BC /* Controller */ = {
			isa = PBXGroup;
			children = (
				5781F8B2272891A900B148BC /* ViewController.swift */,
				57F7B8CF2728A091007C008E /* DetailVC.swift */,
				57DBD455272B2AEF001EFFFD /* FavoritosVC.swift */,
				57F7B909272AD0E7007C008E /* DataBaseController.swift */,
				57DBD459272C24B7001EFFFD /* UIViewController.swift */,
			);
			path = Controller;
			sourceTree = "<group>";
		};
		57DBD45B272C2CA1001EFFFD /* helper */ = {
			isa = PBXGroup;
			children = (
				57DBD45C272C2CBB001EFFFD /* ViewControllerPreview.swift */,
			);
			path = helper;
			sourceTree = "<group>";
		};
		57F7B90B272AD254007C008E /* enum */ = {
			isa = PBXGroup;
			children = (
				5781F8D12728965C00B148BC /* HTTPMethod.swift */,
				5781F8CD2728953800B148BC /* EnumPoints.swift */,
				57F7B90C272AD2E1007C008E /* ErrorAPI.swift */,
			);
			path = enum;
			sourceTree = "<group>";
		};
/* End PBXGroup section */

/* Begin PBXNativeTarget section */
		5781F8AA272891A900B148BC /* ProjetoFinalRickAndMorty */ = {
			isa = PBXNativeTarget;
			buildConfigurationList = 5781F8BF272891AD00B148BC /* Build configuration list for PBXNativeTarget "ProjetoFinalRickAndMorty" */;
			buildPhases = (
				5781F8A7272891A900B148BC /* Sources */,
				5781F8A8272891A900B148BC /* Frameworks */,
				5781F8A9272891A900B148BC /* Resources */,
			);
			buildRules = (
			);
			dependencies = (
			);
			name = ProjetoFinalRickAndMorty;
			packageProductDependencies = (
				57F7B8D22728E8EF007C008E /* Kingfisher */,
				57DBD44E272B26AC001EFFFD /* SnapKit */,
			);
			productName = ProjetoFinalRickAndMorty;
			productReference = 5781F8AB272891A900B148BC /* ProjetoFinalRickAndMorty.app */;
			productType = "com.apple.product-type.application";
		};
/* End PBXNativeTarget section */

/* Begin PBXProject section */
		5781F8A3272891A900B148BC /* Project object */ = {
			isa = PBXProject;
			attributes = {
				BuildIndependentTargetsInParallel = 1;
				LastSwiftUpdateCheck = 1300;
				LastUpgradeCheck = 1300;
				TargetAttributes = {
					5781F8AA272891A900B148BC = {
						CreatedOnToolsVersion = 13.0;
					};
				};
			};
			buildConfigurationList = 5781F8A6272891A900B148BC /* Build configuration list for PBXProject "ProjetoFinalRickAndMorty" */;
			compatibilityVersion = "Xcode 13.0";
			developmentRegion = en;
			hasScannedForEncodings = 0;
			knownRegions = (
				en,
				Base,
			);
			mainGroup = 5781F8A2272891A900B148BC;
			packageReferences = (
				57F7B8D12728E8EF007C008E /* XCRemoteSwiftPackageReference "Kingfisher" */,
				57DBD44D272B26AC001EFFFD /* XCRemoteSwiftPackageReference "SnapKit" */,
			);
			productRefGroup = 5781F8AC272891A900B148BC /* Products */;
			projectDirPath = "";
			projectRoot = "";
			targets = (
				5781F8AA272891A900B148BC /* ProjetoFinalRickAndMorty */,
			);
		};
/* End PBXProject section */

/* Begin PBXResourcesBuildPhase section */
		5781F8A9272891A900B148BC /* Resources */ = {
			isa = PBXResourcesBuildPhase;
			buildActionMask = 2147483647;
			files = (
				5781F8BB272891AD00B148BC /* LaunchScreen.storyboard in Resources */,
				5781F8C5272891E200B148BC /* CelulaTableViewCell.xib in Resources */,
				5781F8B8272891AD00B148BC /* Assets.xcassets in Resources */,
				57DBD454272B2A59001EFFFD /* Favoritos.storyboard in Resources */,
			);
			runOnlyForDeploymentPostprocessing = 0;
		};
/* End PBXResourcesBuildPhase section */

/* Begin PBXSourcesBuildPhase section */
		5781F8A7272891A900B148BC /* Sources */ = {
			isa = PBXSourcesBuildPhase;
			buildActionMask = 2147483647;
			files = (
				5781F8D4272896E900B148BC /* Resulta.swift in Sources */,
				5781F8CC2728942000B148BC /* Personagem.swift in Sources */,
				57DBD44C272B263D001EFFFD /* ImageViewCell.swift in Sources */,
				57F7B908272AC8F2007C008E /* RickAndMorty.xcdatamodeld in Sources */,
				57F7B90A272AD0E7007C008E /* DataBaseController.swift in Sources */,
				57F7B90D272AD2E1007C008E /* ErrorAPI.swift in Sources */,
				5781F8B3272891A900B148BC /* ViewController.swift in Sources */,
				57DBD45D272C2CBB001EFFFD /* ViewControllerPreview.swift in Sources */,
				5781F8D22728965C00B148BC /* HTTPMethod.swift in Sources */,
				5781F8C4272891E200B148BC /* CelulaTableViewCell.swift in Sources */,
				57F7B8D02728A091007C008E /* DetailVC.swift in Sources */,
				5781F8AF272891A900B148BC /* AppDelegate.swift in Sources */,
				57DBD456272B2AEF001EFFFD /* FavoritosVC.swift in Sources */,
				5781F8D02728957300B148BC /* API.swift in Sources */,
				5781F8CE2728953800B148BC /* EnumPoints.swift in Sources */,
				57DBD45A272C24B7001EFFFD /* UIViewController.swift in Sources */,
			);
			runOnlyForDeploymentPostprocessing = 0;
		};
/* End PBXSourcesBuildPhase section */

/* Begin PBXVariantGroup section */
		5781F8B9272891AD00B148BC /* LaunchScreen.storyboard */ = {
			isa = PBXVariantGroup;
			children = (
				5781F8BA272891AD00B148BC /* Base */,
			);
			name = LaunchScreen.storyboard;
			sourceTree = "<group>";
		};
/* End PBXVariantGroup section */

/* Begin XCBuildConfiguration section */
		5781F8BD272891AD00B148BC /* Debug */ = {
			isa = XCBuildConfiguration;
			buildSettings = {
				ALWAYS_SEARCH_USER_PATHS = NO;
				CLANG_ANALYZER_NONNULL = YES;
				CLANG_ANALYZER_NUMBER_OBJECT_CONVERSION = YES_AGGRESSIVE;
				CLANG_CXX_LANGUAGE_STANDARD = "gnu++17";
				CLANG_CXX_LIBRARY = "libc++";
				CLANG_ENABLE_MODULES = YES;
				CLANG_ENABLE_OBJC_ARC = YES;
				CLANG_ENABLE_OBJC_WEAK = YES;
				CLANG_WARN_BLOCK_CAPTURE_AUTORELEASING = YES;
				CLANG_WARN_BOOL_CONVERSION = YES;
				CLANG_WARN_COMMA = YES;
				CLANG_WARN_CONSTANT_CONVERSION = YES;
				CLANG_WARN_DEPRECATED_OBJC_IMPLEMENTATIONS = YES;
				CLANG_WARN_DIRECT_OBJC_ISA_USAGE = YES_ERROR;
				CLANG_WARN_DOCUMENTATION_COMMENTS = YES;
				CLANG_WARN_EMPTY_BODY = YES;
				CLANG_WARN_ENUM_CONVERSION = YES;
				CLANG_WARN_INFINITE_RECURSION = YES;
				CLANG_WARN_INT_CONVERSION = YES;
				CLANG_WARN_NON_LITERAL_NULL_CONVERSION = YES;
				CLANG_WARN_OBJC_IMPLICIT_RETAIN_SELF = YES;
				CLANG_WARN_OBJC_LITERAL_CONVERSION = YES;
				CLANG_WARN_OBJC_ROOT_CLASS = YES_ERROR;
				CLANG_WARN_QUOTED_INCLUDE_IN_FRAMEWORK_HEADER = YES;
				CLANG_WARN_RANGE_LOOP_ANALYSIS = YES;
				CLANG_WARN_STRICT_PROTOTYPES = YES;
				CLANG_WARN_SUSPICIOUS_MOVE = YES;
				CLANG_WARN_UNGUARDED_AVAILABILITY = YES_AGGRESSIVE;
				CLANG_WARN_UNREACHABLE_CODE = YES;
				CLANG_WARN__DUPLICATE_METHOD_MATCH = YES;
				COPY_PHASE_STRIP = NO;
				DEBUG_INFORMATION_FORMAT = dwarf;
				ENABLE_STRICT_OBJC_MSGSEND = YES;
				ENABLE_TESTABILITY = YES;
				GCC_C_LANGUAGE_STANDARD = gnu11;
				GCC_DYNAMIC_NO_PIC = NO;
				GCC_NO_COMMON_BLOCKS = YES;
				GCC_OPTIMIZATION_LEVEL = 0;
				GCC_PREPROCESSOR_DEFINITIONS = (
					"DEBUG=1",
					"$(inherited)",
				);
				GCC_WARN_64_TO_32_BIT_CONVERSION = YES;
				GCC_WARN_ABOUT_RETURN_TYPE = YES_ERROR;
				GCC_WARN_UNDECLARED_SELECTOR = YES;
				GCC_WARN_UNINITIALIZED_AUTOS = YES_AGGRESSIVE;
				GCC_WARN_UNUSED_FUNCTION = YES;
				GCC_WARN_UNUSED_VARIABLE = YES;
				IPHONEOS_DEPLOYMENT_TARGET = 15.0;
				MTL_ENABLE_DEBUG_INFO = INCLUDE_SOURCE;
				MTL_FAST_MATH = YES;
				ONLY_ACTIVE_ARCH = YES;
				SDKROOT = iphoneos;
				SWIFT_ACTIVE_COMPILATION_CONDITIONS = DEBUG;
				SWIFT_OPTIMIZATION_LEVEL = "-Onone";
			};
			name = Debug;
		};
		5781F8BE272891AD00B148BC /* Release */ = {
			isa = XCBuildConfiguration;
			buildSettings = {
				ALWAYS_SEARCH_USER_PATHS = NO;
				CLANG_ANALYZER_NONNULL = YES;
				CLANG_ANALYZER_NUMBER_OBJECT_CONVERSION = YES_AGGRESSIVE;
				CLANG_CXX_LANGUAGE_STANDARD = "gnu++17";
				CLANG_CXX_LIBRARY = "libc++";
				CLANG_ENABLE_MODULES = YES;
				CLANG_ENABLE_OBJC_ARC = YES;
				CLANG_ENABLE_OBJC_WEAK = YES;
				CLANG_WARN_BLOCK_CAPTURE_AUTORELEASING = YES;
				CLANG_WARN_BOOL_CONVERSION = YES;
				CLANG_WARN_COMMA = YES;
				CLANG_WARN_CONSTANT_CONVERSION = YES;
				CLANG_WARN_DEPRECATED_OBJC_IMPLEMENTATIONS = YES;
				CLANG_WARN_DIRECT_OBJC_ISA_USAGE = YES_ERROR;
				CLANG_WARN_DOCUMENTATION_COMMENTS = YES;
				CLANG_WARN_EMPTY_BODY = YES;
				CLANG_WARN_ENUM_CONVERSION = YES;
				CLANG_WARN_INFINITE_RECURSION = YES;
				CLANG_WARN_INT_CONVERSION = YES;
				CLANG_WARN_NON_LITERAL_NULL_CONVERSION = YES;
				CLANG_WARN_OBJC_IMPLICIT_RETAIN_SELF = YES;
				CLANG_WARN_OBJC_LITERAL_CONVERSION = YES;
				CLANG_WARN_OBJC_ROOT_CLASS = YES_ERROR;
				CLANG_WARN_QUOTED_INCLUDE_IN_FRAMEWORK_HEADER = YES;
				CLANG_WARN_RANGE_LOOP_ANALYSIS = YES;
				CLANG_WARN_STRICT_PROTOTYPES = YES;
				CLANG_WARN_SUSPICIOUS_MOVE = YES;
				CLANG_WARN_UNGUARDED_AVAILABILITY = YES_AGGRESSIVE;
				CLANG_WARN_UNREACHABLE_CODE = YES;
				CLANG_WARN__DUPLICATE_METHOD_MATCH = YES;
				COPY_PHASE_STRIP = NO;
				DEBUG_INFORMATION_FORMAT = "dwarf-with-dsym";
				ENABLE_NS_ASSERTIONS = NO;
				ENABLE_STRICT_OBJC_MSGSEND = YES;
				GCC_C_LANGUAGE_STANDARD = gnu11;
				GCC_NO_COMMON_BLOCKS = YES;
				GCC_WARN_64_TO_32_BIT_CONVERSION = YES;
				GCC_WARN_ABOUT_RETURN_TYPE = YES_ERROR;
				GCC_WARN_UNDECLARED_SELECTOR = YES;
				GCC_WARN_UNINITIALIZED_AUTOS = YES_AGGRESSIVE;
				GCC_WARN_UNUSED_FUNCTION = YES;
				GCC_WARN_UNUSED_VARIABLE = YES;
				IPHONEOS_DEPLOYMENT_TARGET = 15.0;
				MTL_ENABLE_DEBUG_INFO = NO;
				MTL_FAST_MATH = YES;
				SDKROOT = iphoneos;
				SWIFT_COMPILATION_MODE = wholemodule;
				SWIFT_OPTIMIZATION_LEVEL = "-O";
				VALIDATE_PRODUCT = YES;
			};
			name = Release;
		};
		5781F8C0272891AD00B148BC /* Debug */ = {
			isa = XCBuildConfiguration;
			buildSettings = {
				ASSETCATALOG_COMPILER_APPICON_NAME = AppIcon;
				ASSETCATALOG_COMPILER_GLOBAL_ACCENT_COLOR_NAME = AccentColor;
				CODE_SIGN_STYLE = Automatic;
				CURRENT_PROJECT_VERSION = 1;
				DEVELOPMENT_TEAM = 7D8B57U5CD;
				GENERATE_INFOPLIST_FILE = YES;
				INFOPLIST_FILE = ProjetoFinalRickAndMorty/Info.plist;
				INFOPLIST_KEY_UIApplicationSupportsIndirectInputEvents = YES;
				INFOPLIST_KEY_UILaunchStoryboardName = LaunchScreen;
				INFOPLIST_KEY_UISupportedInterfaceOrientations = UIInterfaceOrientationPortrait;
				INFOPLIST_KEY_UISupportedInterfaceOrientations_iPad = "UIInterfaceOrientationPortrait UIInterfaceOrientationPortraitUpsideDown UIInterfaceOrientationLandscapeLeft UIInterfaceOrientationLandscapeRight";
				INFOPLIST_KEY_UISupportedInterfaceOrientations_iPhone = "UIInterfaceOrientationPortrait UIInterfaceOrientationLandscapeLeft UIInterfaceOrientationLandscapeRight";
				LD_RUNPATH_SEARCH_PATHS = (
					"$(inherited)",
					"@executable_path/Frameworks",
				);
				MARKETING_VERSION = 1.0;
				PRODUCT_BUNDLE_IDENTIFIER = com..ProjetoFinalRickAndMorty;
				PRODUCT_NAME = "$(TARGET_NAME)";
				SWIFT_EMIT_LOC_STRINGS = YES;
				SWIFT_VERSION = 5.0;
				TARGETED_DEVICE_FAMILY = "1,2";
			};
			name = Debug;
		};
		5781F8C1272891AD00B148BC /* Release */ = {
			isa = XCBuildConfiguration;
			buildSettings = {
				ASSETCATALOG_COMPILER_APPICON_NAME = AppIcon;
				ASSETCATALOG_COMPILER_GLOBAL_ACCENT_COLOR_NAME = AccentColor;
				CODE_SIGN_STYLE = Automatic;
				CURRENT_PROJECT_VERSION = 1;
				DEVELOPMENT_TEAM = 7D8B57U5CD;
				GENERATE_INFOPLIST_FILE = YES;
				INFOPLIST_FILE = ProjetoFinalRickAndMorty/Info.plist;
				INFOPLIST_KEY_UIApplicationSupportsIndirectInputEvents = YES;
				INFOPLIST_KEY_UILaunchStoryboardName = LaunchScreen;
				INFOPLIST_KEY_UISupportedInterfaceOrientations = UIInterfaceOrientationPortrait;
				INFOPLIST_KEY_UISupportedInterfaceOrientations_iPad = "UIInterfaceOrientationPortrait UIInterfaceOrientationPortraitUpsideDown UIInterfaceOrientationLandscapeLeft UIInterfaceOrientationLandscapeRight";
				INFOPLIST_KEY_UISupportedInterfaceOrientations_iPhone = "UIInterfaceOrientationPortrait UIInterfaceOrientationLandscapeLeft UIInterfaceOrientationLandscapeRight";
				LD_RUNPATH_SEARCH_PATHS = (
					"$(inherited)",
					"@executable_path/Frameworks",
				);
				MARKETING_VERSION = 1.0;
				PRODUCT_BUNDLE_IDENTIFIER = com..ProjetoFinalRickAndMorty;
				PRODUCT_NAME = "$(TARGET_NAME)";
				SWIFT_EMIT_LOC_STRINGS = YES;
				SWIFT_VERSION = 5.0;
				TARGETED_DEVICE_FAMILY = "1,2";
			};
			name = Release;
		};
/* End XCBuildConfiguration section */

/* Begin XCConfigurationList section */
		5781F8A6272891A900B148BC /* Build configuration list for PBXProject "ProjetoFinalRickAndMorty" */ = {
			isa = XCConfigurationList;
			buildConfigurations = (
				5781F8BD272891AD00B148BC /* Debug */,
				5781F8BE272891AD00B148BC /* Release */,
			);
			defaultConfigurationIsVisible = 0;
			defaultConfigurationName = Release;
		};
		5781F8BF272891AD00B148BC /* Build configuration list for PBXNativeTarget "ProjetoFinalRickAndMorty" */ = {
			isa = XCConfigurationList;
			buildConfigurations = (
				5781F8C0272891AD00B148BC /* Debug */,
				5781F8C1272891AD00B148BC /* Release */,
			);
			defaultConfigurationIsVisible = 0;
			defaultConfigurationName = Release;
		};
/* End XCConfigurationList section */

/* Begin XCRemoteSwiftPackageReference section */
		57DBD44D272B26AC001EFFFD /* XCRemoteSwiftPackageReference "SnapKit" */ = {
			isa = XCRemoteSwiftPackageReference;
			repositoryURL = "https://github.com/SnapKit/SnapKit";
			requirement = {
				kind = upToNextMajorVersion;
				minimumVersion = 5.0.0;
			};
		};
		57F7B8D12728E8EF007C008E /* XCRemoteSwiftPackageReference "Kingfisher" */ = {
			isa = XCRemoteSwiftPackageReference;
			repositoryURL = "https://github.com/onevcat/Kingfisher.git";
			requirement = {
				kind = upToNextMajorVersion;
				minimumVersion = 7.1.1;
			};
		};
/* End XCRemoteSwiftPackageReference section */

/* Begin XCSwiftPackageProductDependency section */
		57DBD44E272B26AC001EFFFD /* SnapKit */ = {
			isa = XCSwiftPackageProductDependency;
			package = 57DBD44D272B26AC001EFFFD /* XCRemoteSwiftPackageReference "SnapKit" */;
			productName = SnapKit;
		};
		57F7B8D22728E8EF007C008E /* Kingfisher */ = {
			isa = XCSwiftPackageProductDependency;
			package = 57F7B8D12728E8EF007C008E /* XCRemoteSwiftPackageReference "Kingfisher" */;
			productName = Kingfisher;
		};
/* End XCSwiftPackageProductDependency section */

/* Begin XCVersionGroup section */
		57F7B906272AC8F2007C008E /* RickAndMorty.xcdatamodeld */ = {
			isa = XCVersionGroup;
			children = (
				57F7B907272AC8F2007C008E /* RickAndMorty.xcdatamodel */,
			);
			currentVersion = 57F7B907272AC8F2007C008E /* RickAndMorty.xcdatamodel */;
			path = RickAndMorty.xcdatamodeld;
			sourceTree = "<group>";
			versionGroupType = wrapper.xcdatamodel;
		};
/* End XCVersionGroup section */
	};
	rootObject = 5781F8A3272891A900B148BC /* Project object */;
}
